
Microsoft Visual Studio Solution File, Format Version 12.00
# Visual Studio 15
VisualStudioVersion = 15.0.26730.15
MinimumVisualStudioVersion = 10.0.40219.1
Project("{FAE04EC0-301F-11D3-BF4B-00C04F79EFBC}") = "ReactLab02", "ReactLab02\ReactLab02.csproj", "{B170F8F0-DDD3-469D-99E2-8BEB6C6DFBD5}"
EndProject
Global
	GlobalSection(SolutionConfigurationPlatforms) = preSolution
		Debug|Any CPU = Debug|Any CPU
		Release|Any CPU = Release|Any CPU
	EndGlobalSection
	GlobalSection(ProjectConfigurationPlatforms) = postSolution
		{B170F8F0-DDD3-469D-99E2-8BEB6C6DFBD5}.Debug|Any CPU.ActiveCfg = Debug|Any CPU
		{B170F8F0-DDD3-469D-99E2-8BEB6C6DFBD5}.Debug|Any CPU.Build.0 = Debug|Any CPU
		{B170F8F0-DDD3-469D-99E2-8BEB6C6DFBD5}.Release|Any CPU.ActiveCfg = Release|Any CPU
		{B170F8F0-DDD3-469D-99E2-8BEB6C6DFBD5}.Release|Any CPU.Build.0 = Release|Any CPU
	EndGlobalSection
	GlobalSection(SolutionProperties) = preSolution
		HideSolutionNode = FALSE
	EndGlobalSection
	GlobalSection(ExtensibilityGlobals) = postSolution
		SolutionGuid = {ADF8BBF0-2E16-4C6B-968F-11F845B26868}
	EndGlobalSection
EndGlobal
